
Microsoft Visual Studio Solution File, Format Version 12.00
# Visual Studio Version 17
VisualStudioVersion = 17.14.36429.23
MinimumVisualStudioVersion = 10.0.40219.1
Project("{2150E333-8FDC-42A3-9474-1A3956D46DE8}") = "Task0", "Task0", "{02EA681E-C7D8-13C7-8484-4AC65E1B71E8}"
EndProject
Project("{FAE04EC0-301F-11D3-BF4B-00C04F79EFBC}") = "Tyuiu.RadochinaAP.Sprint6.Task0.V3.Test", "Tyuiu.RadochinaAP.Sprint6.Task0.V3.Test\Tyuiu.RadochinaAP.Sprint6.Task0.V3.Test.csproj", "{9299A06F-DB11-46E6-8A9B-B71C7DB05D13}"
EndProject
Project("{FAE04EC0-301F-11D3-BF4B-00C04F79EFBC}") = "Tyuiu.RadochinaAP.Sprint6.Task0.V3.Lib", "Tyuiu.RadochinaAP.Sprint6.Task0.V3.Lib\Tyuiu.RadochinaAP.Sprint6.Task0.V3.Lib.csproj", "{85B75A7D-A961-4BC3-9D38-9AAC919F0296}"
EndProject
Project("{FAE04EC0-301F-11D3-BF4B-00C04F79EFBC}") = "Tyuiu.RadochinaAP.Sprint6.Task0.V3", "Tyuiu.RadochinaAP.Sprint6.Task0.V3\Tyuiu.RadochinaAP.Sprint6.Task0.V3.csproj", "{35526AEB-71DB-4E03-AC9F-0976C666437A}"
EndProject
Project("{2150E333-8FDC-42A3-9474-1A3956D46DE8}") = "Task1", "Task1", "{B477BF43-0D3B-4C93-BB37-D71512891668}"
EndProject
Project("{FAE04EC0-301F-11D3-BF4B-00C04F79EFBC}") = "Tyuiu.RadochinaAP.Sprint6.Task1.V20.Test", "Tyuiu.RadochinaAP.Sprint6.Task1.V20.Test\Tyuiu.RadochinaAP.Sprint6.Task1.V20.Test.csproj", "{B743DCC0-1878-4089-8DC4-B6C3F0994610}"
EndProject
Project("{FAE04EC0-301F-11D3-BF4B-00C04F79EFBC}") = "Tyuiu.RadochinaAP.Sprint6.Task1.V20.Lib", "Tyuiu.RadochinaAP.Sprint6.Task1.V20.Lib\Tyuiu.RadochinaAP.Sprint6.Task1.V20.Lib.csproj", "{70B7572A-08DB-40FE-BC4E-0EAF775CA7E5}"
EndProject
Project("{FAE04EC0-301F-11D3-BF4B-00C04F79EFBC}") = "Tyuiu.RadochinaAP.Sprint6.Task1.V20", "Tyuiu.RadochinaAP.Sprint6.Task1.V20\Tyuiu.RadochinaAP.Sprint6.Task1.V20.csproj", "{E87CA8A7-A624-4866-A005-F4B8EC8899E2}"
EndProject
Project("{2150E333-8FDC-42A3-9474-1A3956D46DE8}") = "Task2", "Task2", "{DB0D6A4F-D627-4B74-B43D-A3178C2939C5}"
EndProject
Project("{FAE04EC0-301F-11D3-BF4B-00C04F79EFBC}") = "Tyuiu.RadochinaAP.Sprint6.Task2.V3.Lib", "Tyuiu.RadochinaAP.Sprint6.Task2.V3.Lib\Tyuiu.RadochinaAP.Sprint6.Task2.V3.Lib.csproj", "{2C208AD2-DE02-4BAD-852B-8E82BAEB984A}"
EndProject
Project("{FAE04EC0-301F-11D3-BF4B-00C04F79EFBC}") = "Tyuiu.RadochinaAP.Sprint6.Task2.V3.Test", "Tyuiu.RadochinaAP.Sprint6.Task2.V3.Test\Tyuiu.RadochinaAP.Sprint6.Task2.V3.Test.csproj", "{07F52C70-B53D-432C-ADDC-6F59DC81418D}"
EndProject
Project("{FAE04EC0-301F-11D3-BF4B-00C04F79EFBC}") = "Tyuiu.RadochinaAP.Sprint6.Task2.V3", "Tyuiu.RadochinaAP.Sprint6.Task2.V3\Tyuiu.RadochinaAP.Sprint6.Task2.V3.csproj", "{B8987858-FECA-4A94-99C7-0B3B6AC57244}"
EndProject
Project("{2150E333-8FDC-42A3-9474-1A3956D46DE8}") = "Task3", "Task3", "{311A28DC-99D1-4038-8B26-C1E2667CCBA7}"
EndProject
Project("{FAE04EC0-301F-11D3-BF4B-00C04F79EFBC}") = "Tyuiu.RadochinaAP.Sprint6.Task3.V26.Test", "Tyuiu.RadochinaAP.Sprint6.Task3.V26.Test\Tyuiu.RadochinaAP.Sprint6.Task3.V26.Test.csproj", "{57404997-0406-479D-9AAD-8E9EDD45C7B5}"
EndProject
Project("{FAE04EC0-301F-11D3-BF4B-00C04F79EFBC}") = "Tyuiu.RadochinaAP.Sprint6.Task3.V26.Lib", "Tyuiu.RadochinaAP.Sprint6.Task3.V26.Lib\Tyuiu.RadochinaAP.Sprint6.Task3.V26.Lib.csproj", "{C63D3520-8AC1-4762-802B-328718C5871A}"
EndProject
Project("{FAE04EC0-301F-11D3-BF4B-00C04F79EFBC}") = "Tyuiu.RadochinaAP.Sprint6.Task3.V26", "Tyuiu.RadochinaAP.Sprint6.Task3.V26\Tyuiu.RadochinaAP.Sprint6.Task3.V26.csproj", "{8B3B4FED-7D89-49EB-ADEA-C3BD4543C74D}"
EndProject
Project("{2150E333-8FDC-42A3-9474-1A3956D46DE8}") = "Task4", "Task4", "{731F7F8E-1563-4AF8-977C-9C0BB8F7D501}"
EndProject
Project("{FAE04EC0-301F-11D3-BF4B-00C04F79EFBC}") = "Tyuiu.RadochinaAP.Sprint6.Task4.V23.Lib", "Tyuiu.RadochinaAP.Sprint6.Task4.V23.Lib\Tyuiu.RadochinaAP.Sprint6.Task4.V23.Lib.csproj", "{9E8D51BD-8CC3-464F-9285-30D854514329}"
EndProject
Project("{FAE04EC0-301F-11D3-BF4B-00C04F79EFBC}") = "Tyuiu.RadochinaAP.Sprint6.Task4.V23", "Tyuiu.RadochinaAP.Sprint6.Task4.V23\Tyuiu.RadochinaAP.Sprint6.Task4.V23.csproj", "{5DD7FE8A-5FBF-4344-8DA0-EB6BC0F38288}"
EndProject
Project("{FAE04EC0-301F-11D3-BF4B-00C04F79EFBC}") = "Tyuiu.RadochinaAP.Sprint6.Task4.V23.Test", "Tyuiu.RadochinaAP.Sprint6.Task4.V23.Test\Tyuiu.RadochinaAP.Sprint6.Task4.V23.Test.csproj", "{FB730CD8-6B97-4346-8075-14A1E7024B4C}"
EndProject
Project("{2150E333-8FDC-42A3-9474-1A3956D46DE8}") = "Task5", "Task5", "{0F04B83C-20D1-4087-917F-C687EC039E8A}"
EndProject
Project("{FAE04EC0-301F-11D3-BF4B-00C04F79EFBC}") = "Tyuiu.RadochinaAP.Sprint6.Task5.V26.Test", "Tyuiu.RadochinaAP.Sprint6.Task5.V26.Test\Tyuiu.RadochinaAP.Sprint6.Task5.V26.Test.csproj", "{566E8DC8-B080-49F5-97CD-2899593316C9}"
EndProject
Project("{FAE04EC0-301F-11D3-BF4B-00C04F79EFBC}") = "Tyuiu.RadochinaAP.Sprint6.Task5.V26.Lib", "Tyuiu.RadochinaAP.Sprint6.Task5.V26.Lib\Tyuiu.RadochinaAP.Sprint6.Task5.V26.Lib.csproj", "{66E99377-97EF-4EA4-885A-5461E9A4528A}"
EndProject
Project("{FAE04EC0-301F-11D3-BF4B-00C04F79EFBC}") = "Tyuiu.RadochinaAP.Sprint6.Task5.V26", "Tyuiu.RadochinaAP.Sprint6.Task5.V26\Tyuiu.RadochinaAP.Sprint6.Task5.V26.csproj", "{F68F47A8-0474-40C1-A41F-24E96F94D43D}"
EndProject
Project("{2150E333-8FDC-42A3-9474-1A3956D46DE8}") = "Task6", "Task6", "{7540FADC-7149-4BDE-8882-EE545256E22F}"
EndProject
Project("{FAE04EC0-301F-11D3-BF4B-00C04F79EFBC}") = "Tyuiu.RadochinaAP.Sprint6.Task6.V15.Lib", "Tyuiu.RadochinaAP.Sprint6.Task6.V15.Lib\Tyuiu.RadochinaAP.Sprint6.Task6.V15.Lib.csproj", "{E0016833-82C0-4042-AB12-E6502AB50D71}"
EndProject
Project("{FAE04EC0-301F-11D3-BF4B-00C04F79EFBC}") = "Tyuiu.RadochinaAP.Sprint6.Task6.V15.Test", "Tyuiu.RadochinaAP.Sprint6.Task6.V15.Test\Tyuiu.RadochinaAP.Sprint6.Task6.V15.Test.csproj", "{381A4B72-E7CF-405A-B61F-CC6A08025DA1}"
EndProject
Project("{FAE04EC0-301F-11D3-BF4B-00C04F79EFBC}") = "Tyuiu.RadochinaAP.Sprint6.Task6.V15", "Tyuiu.RadochinaAP.Sprint6.Task6.V15\Tyuiu.RadochinaAP.Sprint6.Task6.V15.csproj", "{CDF6BACF-9FC9-4C94-9ECF-AB7C0822EF49}"
EndProject
Project("{2150E333-8FDC-42A3-9474-1A3956D46DE8}") = "Task7", "Task7", "{C7AA3B5A-2C67-4F24-9E6B-2C9B47B31E61}"
EndProject
Project("{FAE04EC0-301F-11D3-BF4B-00C04F79EFBC}") = "Tyuiu.RadochinaAP.Sprint6.Task7.V11.Test", "Tyuiu.RadochinaAP.Sprint6.Task7.V11.Test\Tyuiu.RadochinaAP.Sprint6.Task7.V11.Test.csproj", "{4179A6C2-55A8-4386-824B-D50E4B35F2BF}"
EndProject
Project("{FAE04EC0-301F-11D3-BF4B-00C04F79EFBC}") = "Tyuiu.RadochinaAP.Sprint6.Task7.V11.Lib", "Tyuiu.RadochinaAP.Sprint6.Task7.V11.Lib\Tyuiu.RadochinaAP.Sprint6.Task7.V11.Lib.csproj", "{B07666CD-347A-4455-9DE1-4A0845D8E190}"
EndProject
Project("{FAE04EC0-301F-11D3-BF4B-00C04F79EFBC}") = "Tyuiu.RadochinaAP.Sprint6.Task7.V11", "Tyuiu.RadochinaAP.Sprint6.Task7.V11\Tyuiu.RadochinaAP.Sprint6.Task7.V11.csproj", "{E7B8CCD5-C799-4CBF-A662-4A57FFC7E6F6}"
EndProject
Global
	GlobalSection(SolutionConfigurationPlatforms) = preSolution
		Debug|Any CPU = Debug|Any CPU
		Release|Any CPU = Release|Any CPU
	EndGlobalSection
	GlobalSection(ProjectConfigurationPlatforms) = postSolution
		{9299A06F-DB11-46E6-8A9B-B71C7DB05D13}.Debug|Any CPU.ActiveCfg = Debug|Any CPU
		{9299A06F-DB11-46E6-8A9B-B71C7DB05D13}.Debug|Any CPU.Build.0 = Debug|Any CPU
		{9299A06F-DB11-46E6-8A9B-B71C7DB05D13}.Release|Any CPU.ActiveCfg = Release|Any CPU
		{9299A06F-DB11-46E6-8A9B-B71C7DB05D13}.Release|Any CPU.Build.0 = Release|Any CPU
		{85B75A7D-A961-4BC3-9D38-9AAC919F0296}.Debug|Any CPU.ActiveCfg = Debug|Any CPU
		{85B75A7D-A961-4BC3-9D38-9AAC919F0296}.Debug|Any CPU.Build.0 = Debug|Any CPU
		{85B75A7D-A961-4BC3-9D38-9AAC919F0296}.Release|Any CPU.ActiveCfg = Release|Any CPU
		{85B75A7D-A961-4BC3-9D38-9AAC919F0296}.Release|Any CPU.Build.0 = Release|Any CPU
		{35526AEB-71DB-4E03-AC9F-0976C666437A}.Debug|Any CPU.ActiveCfg = Debug|Any CPU
		{35526AEB-71DB-4E03-AC9F-0976C666437A}.Debug|Any CPU.Build.0 = Debug|Any CPU
		{35526AEB-71DB-4E03-AC9F-0976C666437A}.Release|Any CPU.ActiveCfg = Release|Any CPU
		{35526AEB-71DB-4E03-AC9F-0976C666437A}.Release|Any CPU.Build.0 = Release|Any CPU
		{B743DCC0-1878-4089-8DC4-B6C3F0994610}.Debug|Any CPU.ActiveCfg = Debug|Any CPU
		{B743DCC0-1878-4089-8DC4-B6C3F0994610}.Debug|Any CPU.Build.0 = Debug|Any CPU
		{B743DCC0-1878-4089-8DC4-B6C3F0994610}.Release|Any CPU.ActiveCfg = Release|Any CPU
		{B743DCC0-1878-4089-8DC4-B6C3F0994610}.Release|Any CPU.Build.0 = Release|Any CPU
		{70B7572A-08DB-40FE-BC4E-0EAF775CA7E5}.Debug|Any CPU.ActiveCfg = Debug|Any CPU
		{70B7572A-08DB-40FE-BC4E-0EAF775CA7E5}.Debug|Any CPU.Build.0 = Debug|Any CPU
		{70B7572A-08DB-40FE-BC4E-0EAF775CA7E5}.Release|Any CPU.ActiveCfg = Release|Any CPU
		{70B7572A-08DB-40FE-BC4E-0EAF775CA7E5}.Release|Any CPU.Build.0 = Release|Any CPU
		{E87CA8A7-A624-4866-A005-F4B8EC8899E2}.Debug|Any CPU.ActiveCfg = Debug|Any CPU
		{E87CA8A7-A624-4866-A005-F4B8EC8899E2}.Debug|Any CPU.Build.0 = Debug|Any CPU
		{E87CA8A7-A624-4866-A005-F4B8EC8899E2}.Release|Any CPU.ActiveCfg = Release|Any CPU
		{E87CA8A7-A624-4866-A005-F4B8EC8899E2}.Release|Any CPU.Build.0 = Release|Any CPU
		{2C208AD2-DE02-4BAD-852B-8E82BAEB984A}.Debug|Any CPU.ActiveCfg = Debug|Any CPU
		{2C208AD2-DE02-4BAD-852B-8E82BAEB984A}.Debug|Any CPU.Build.0 = Debug|Any CPU
		{2C208AD2-DE02-4BAD-852B-8E82BAEB984A}.Release|Any CPU.ActiveCfg = Release|Any CPU
		{2C208AD2-DE02-4BAD-852B-8E82BAEB984A}.Release|Any CPU.Build.0 = Release|Any CPU
		{07F52C70-B53D-432C-ADDC-6F59DC81418D}.Debug|Any CPU.ActiveCfg = Debug|Any CPU
		{07F52C70-B53D-432C-ADDC-6F59DC81418D}.Debug|Any CPU.Build.0 = Debug|Any CPU
		{07F52C70-B53D-432C-ADDC-6F59DC81418D}.Release|Any CPU.ActiveCfg = Release|Any CPU
		{07F52C70-B53D-432C-ADDC-6F59DC81418D}.Release|Any CPU.Build.0 = Release|Any CPU
		{B8987858-FECA-4A94-99C7-0B3B6AC57244}.Debug|Any CPU.ActiveCfg = Debug|Any CPU
		{B8987858-FECA-4A94-99C7-0B3B6AC57244}.Debug|Any CPU.Build.0 = Debug|Any CPU
		{B8987858-FECA-4A94-99C7-0B3B6AC57244}.Release|Any CPU.ActiveCfg = Release|Any CPU
		{B8987858-FECA-4A94-99C7-0B3B6AC57244}.Release|Any CPU.Build.0 = Release|Any CPU
		{57404997-0406-479D-9AAD-8E9EDD45C7B5}.Debug|Any CPU.ActiveCfg = Debug|Any CPU
		{57404997-0406-479D-9AAD-8E9EDD45C7B5}.Debug|Any CPU.Build.0 = Debug|Any CPU
		{57404997-0406-479D-9AAD-8E9EDD45C7B5}.Release|Any CPU.ActiveCfg = Release|Any CPU
		{57404997-0406-479D-9AAD-8E9EDD45C7B5}.Release|Any CPU.Build.0 = Release|Any CPU
		{C63D3520-8AC1-4762-802B-328718C5871A}.Debug|Any CPU.ActiveCfg = Debug|Any CPU
		{C63D3520-8AC1-4762-802B-328718C5871A}.Debug|Any CPU.Build.0 = Debug|Any CPU
		{C63D3520-8AC1-4762-802B-328718C5871A}.Release|Any CPU.ActiveCfg = Release|Any CPU
		{C63D3520-8AC1-4762-802B-328718C5871A}.Release|Any CPU.Build.0 = Release|Any CPU
		{8B3B4FED-7D89-49EB-ADEA-C3BD4543C74D}.Debug|Any CPU.ActiveCfg = Debug|Any CPU
		{8B3B4FED-7D89-49EB-ADEA-C3BD4543C74D}.Debug|Any CPU.Build.0 = Debug|Any CPU
		{8B3B4FED-7D89-49EB-ADEA-C3BD4543C74D}.Release|Any CPU.ActiveCfg = Release|Any CPU
		{8B3B4FED-7D89-49EB-ADEA-C3BD4543C74D}.Release|Any CPU.Build.0 = Release|Any CPU
		{9E8D51BD-8CC3-464F-9285-30D854514329}.Debug|Any CPU.ActiveCfg = Debug|Any CPU
		{9E8D51BD-8CC3-464F-9285-30D854514329}.Debug|Any CPU.Build.0 = Debug|Any CPU
		{9E8D51BD-8CC3-464F-9285-30D854514329}.Release|Any CPU.ActiveCfg = Release|Any CPU
		{9E8D51BD-8CC3-464F-9285-30D854514329}.Release|Any CPU.Build.0 = Release|Any CPU
		{5DD7FE8A-5FBF-4344-8DA0-EB6BC0F38288}.Debug|Any CPU.ActiveCfg = Debug|Any CPU
		{5DD7FE8A-5FBF-4344-8DA0-EB6BC0F38288}.Debug|Any CPU.Build.0 = Debug|Any CPU
		{5DD7FE8A-5FBF-4344-8DA0-EB6BC0F38288}.Release|Any CPU.ActiveCfg = Release|Any CPU
		{5DD7FE8A-5FBF-4344-8DA0-EB6BC0F38288}.Release|Any CPU.Build.0 = Release|Any CPU
		{FB730CD8-6B97-4346-8075-14A1E7024B4C}.Debug|Any CPU.ActiveCfg = Debug|Any CPU
		{FB730CD8-6B97-4346-8075-14A1E7024B4C}.Debug|Any CPU.Build.0 = Debug|Any CPU
		{FB730CD8-6B97-4346-8075-14A1E7024B4C}.Release|Any CPU.ActiveCfg = Release|Any CPU
		{FB730CD8-6B97-4346-8075-14A1E7024B4C}.Release|Any CPU.Build.0 = Release|Any CPU
		{566E8DC8-B080-49F5-97CD-2899593316C9}.Debug|Any CPU.ActiveCfg = Debug|Any CPU
		{566E8DC8-B080-49F5-97CD-2899593316C9}.Debug|Any CPU.Build.0 = Debug|Any CPU
		{566E8DC8-B080-49F5-97CD-2899593316C9}.Release|Any CPU.ActiveCfg = Release|Any CPU
		{566E8DC8-B080-49F5-97CD-2899593316C9}.Release|Any CPU.Build.0 = Release|Any CPU
		{66E99377-97EF-4EA4-885A-5461E9A4528A}.Debug|Any CPU.ActiveCfg = Debug|Any CPU
		{66E99377-97EF-4EA4-885A-5461E9A4528A}.Debug|Any CPU.Build.0 = Debug|Any CPU
		{66E99377-97EF-4EA4-885A-5461E9A4528A}.Release|Any CPU.ActiveCfg = Release|Any CPU
		{66E99377-97EF-4EA4-885A-5461E9A4528A}.Release|Any CPU.Build.0 = Release|Any CPU
		{F68F47A8-0474-40C1-A41F-24E96F94D43D}.Debug|Any CPU.ActiveCfg = Debug|Any CPU
		{F68F47A8-0474-40C1-A41F-24E96F94D43D}.Debug|Any CPU.Build.0 = Debug|Any CPU
		{F68F47A8-0474-40C1-A41F-24E96F94D43D}.Release|Any CPU.ActiveCfg = Release|Any CPU
		{F68F47A8-0474-40C1-A41F-24E96F94D43D}.Release|Any CPU.Build.0 = Release|Any CPU
		{E0016833-82C0-4042-AB12-E6502AB50D71}.Debug|Any CPU.ActiveCfg = Debug|Any CPU
		{E0016833-82C0-4042-AB12-E6502AB50D71}.Debug|Any CPU.Build.0 = Debug|Any CPU
		{E0016833-82C0-4042-AB12-E6502AB50D71}.Release|Any CPU.ActiveCfg = Release|Any CPU
		{E0016833-82C0-4042-AB12-E6502AB50D71}.Release|Any CPU.Build.0 = Release|Any CPU
		{381A4B72-E7CF-405A-B61F-CC6A08025DA1}.Debug|Any CPU.ActiveCfg = Debug|Any CPU
		{381A4B72-E7CF-405A-B61F-CC6A08025DA1}.Debug|Any CPU.Build.0 = Debug|Any CPU
		{381A4B72-E7CF-405A-B61F-CC6A08025DA1}.Release|Any CPU.ActiveCfg = Release|Any CPU
		{381A4B72-E7CF-405A-B61F-CC6A08025DA1}.Release|Any CPU.Build.0 = Release|Any CPU
		{CDF6BACF-9FC9-4C94-9ECF-AB7C0822EF49}.Debug|Any CPU.ActiveCfg = Debug|Any CPU
		{CDF6BACF-9FC9-4C94-9ECF-AB7C0822EF49}.Debug|Any CPU.Build.0 = Debug|Any CPU
		{CDF6BACF-9FC9-4C94-9ECF-AB7C0822EF49}.Release|Any CPU.ActiveCfg = Release|Any CPU
		{CDF6BACF-9FC9-4C94-9ECF-AB7C0822EF49}.Release|Any CPU.Build.0 = Release|Any CPU
		{4179A6C2-55A8-4386-824B-D50E4B35F2BF}.Debug|Any CPU.ActiveCfg = Debug|Any CPU
		{4179A6C2-55A8-4386-824B-D50E4B35F2BF}.Debug|Any CPU.Build.0 = Debug|Any CPU
		{4179A6C2-55A8-4386-824B-D50E4B35F2BF}.Release|Any CPU.ActiveCfg = Release|Any CPU
		{4179A6C2-55A8-4386-824B-D50E4B35F2BF}.Release|Any CPU.Build.0 = Release|Any CPU
		{B07666CD-347A-4455-9DE1-4A0845D8E190}.Debug|Any CPU.ActiveCfg = Debug|Any CPU
		{B07666CD-347A-4455-9DE1-4A0845D8E190}.Debug|Any CPU.Build.0 = Debug|Any CPU
		{B07666CD-347A-4455-9DE1-4A0845D8E190}.Release|Any CPU.ActiveCfg = Release|Any CPU
		{B07666CD-347A-4455-9DE1-4A0845D8E190}.Release|Any CPU.Build.0 = Release|Any CPU
		{E7B8CCD5-C799-4CBF-A662-4A57FFC7E6F6}.Debug|Any CPU.ActiveCfg = Debug|Any CPU
		{E7B8CCD5-C799-4CBF-A662-4A57FFC7E6F6}.Debug|Any CPU.Build.0 = Debug|Any CPU
		{E7B8CCD5-C799-4CBF-A662-4A57FFC7E6F6}.Release|Any CPU.ActiveCfg = Release|Any CPU
		{E7B8CCD5-C799-4CBF-A662-4A57FFC7E6F6}.Release|Any CPU.Build.0 = Release|Any CPU
	EndGlobalSection
	GlobalSection(SolutionProperties) = preSolution
		HideSolutionNode = FALSE
	EndGlobalSection
	GlobalSection(NestedProjects) = preSolution
		{9299A06F-DB11-46E6-8A9B-B71C7DB05D13} = {02EA681E-C7D8-13C7-8484-4AC65E1B71E8}
		{85B75A7D-A961-4BC3-9D38-9AAC919F0296} = {02EA681E-C7D8-13C7-8484-4AC65E1B71E8}
		{35526AEB-71DB-4E03-AC9F-0976C666437A} = {02EA681E-C7D8-13C7-8484-4AC65E1B71E8}
		{B743DCC0-1878-4089-8DC4-B6C3F0994610} = {B477BF43-0D3B-4C93-BB37-D71512891668}
		{70B7572A-08DB-40FE-BC4E-0EAF775CA7E5} = {B477BF43-0D3B-4C93-BB37-D71512891668}
		{E87CA8A7-A624-4866-A005-F4B8EC8899E2} = {B477BF43-0D3B-4C93-BB37-D71512891668}
		{2C208AD2-DE02-4BAD-852B-8E82BAEB984A} = {DB0D6A4F-D627-4B74-B43D-A3178C2939C5}
		{07F52C70-B53D-432C-ADDC-6F59DC81418D} = {DB0D6A4F-D627-4B74-B43D-A3178C2939C5}
		{B8987858-FECA-4A94-99C7-0B3B6AC57244} = {DB0D6A4F-D627-4B74-B43D-A3178C2939C5}
		{57404997-0406-479D-9AAD-8E9EDD45C7B5} = {311A28DC-99D1-4038-8B26-C1E2667CCBA7}
		{C63D3520-8AC1-4762-802B-328718C5871A} = {311A28DC-99D1-4038-8B26-C1E2667CCBA7}
		{8B3B4FED-7D89-49EB-ADEA-C3BD4543C74D} = {311A28DC-99D1-4038-8B26-C1E2667CCBA7}
		{9E8D51BD-8CC3-464F-9285-30D854514329} = {731F7F8E-1563-4AF8-977C-9C0BB8F7D501}
		{5DD7FE8A-5FBF-4344-8DA0-EB6BC0F38288} = {731F7F8E-1563-4AF8-977C-9C0BB8F7D501}
		{FB730CD8-6B97-4346-8075-14A1E7024B4C} = {731F7F8E-1563-4AF8-977C-9C0BB8F7D501}
		{566E8DC8-B080-49F5-97CD-2899593316C9} = {0F04B83C-20D1-4087-917F-C687EC039E8A}
		{66E99377-97EF-4EA4-885A-5461E9A4528A} = {0F04B83C-20D1-4087-917F-C687EC039E8A}
		{F68F47A8-0474-40C1-A41F-24E96F94D43D} = {0F04B83C-20D1-4087-917F-C687EC039E8A}
		{E0016833-82C0-4042-AB12-E6502AB50D71} = {7540FADC-7149-4BDE-8882-EE545256E22F}
		{381A4B72-E7CF-405A-B61F-CC6A08025DA1} = {7540FADC-7149-4BDE-8882-EE545256E22F}
		{CDF6BACF-9FC9-4C94-9ECF-AB7C0822EF49} = {7540FADC-7149-4BDE-8882-EE545256E22F}
		{4179A6C2-55A8-4386-824B-D50E4B35F2BF} = {C7AA3B5A-2C67-4F24-9E6B-2C9B47B31E61}
		{B07666CD-347A-4455-9DE1-4A0845D8E190} = {C7AA3B5A-2C67-4F24-9E6B-2C9B47B31E61}
		{E7B8CCD5-C799-4CBF-A662-4A57FFC7E6F6} = {C7AA3B5A-2C67-4F24-9E6B-2C9B47B31E61}
	EndGlobalSection
	GlobalSection(ExtensibilityGlobals) = postSolution
		SolutionGuid = {08C6FBCE-D4AA-4F30-9318-4D96F31EB8D2}
	EndGlobalSection
EndGlobal
